
Microsoft Visual Studio Solution File, Format Version 12.00
# Visual Studio 15
VisualStudioVersion = 15.0.28010.2019
MinimumVisualStudioVersion = 10.0.40219.1
Project("{FAE04EC0-301F-11D3-BF4B-00C04F79EFBC}") = "CellularAutomata", "CellularAutomata\CellularAutomata.csproj", "{3254B30E-257D-49C7-866D-4937F6062D0A}"
EndProject
Global
	GlobalSection(SolutionConfigurationPlatforms) = preSolution
		Debug|Any CPU = Debug|Any CPU
		Release|Any CPU = Release|Any CPU
	EndGlobalSection
	GlobalSection(ProjectConfigurationPlatforms) = postSolution
		{3254B30E-257D-49C7-866D-4937F6062D0A}.Debug|Any CPU.ActiveCfg = Debug|Any CPU
		{3254B30E-257D-49C7-866D-4937F6062D0A}.Debug|Any CPU.Build.0 = Debug|Any CPU
		{3254B30E-257D-49C7-866D-4937F6062D0A}.Release|Any CPU.ActiveCfg = Release|Any CPU
		{3254B30E-257D-49C7-866D-4937F6062D0A}.Release|Any CPU.Build.0 = Release|Any CPU
	EndGlobalSection
	GlobalSection(SolutionProperties) = preSolution
		HideSolutionNode = FALSE
	EndGlobalSection
	GlobalSection(ExtensibilityGlobals) = postSolution
		SolutionGuid = {8F2848F9-AF28-487A-AA49-98E631886DE8}
	EndGlobalSection
EndGlobal
